
Microsoft Visual Studio Solution File, Format Version 12.00
# Visual Studio Version 17
VisualStudioVersion = 17.0.32112.339
MinimumVisualStudioVersion = 10.0.40219.1
Project("{8BC9CEB8-8B4A-11D0-8D11-00A0C91BC942}") = "behaviortree_cpp_v3", "build\behaviortree_cpp_v3.vcxproj", "{A38E186E-7215-3F6D-B150-F9BE52E17AF7}"
EndProject
Global
	GlobalSection(SolutionConfigurationPlatforms) = preSolution
		Debug|x64 = Debug|x64
		Release|x64 = Release|x64
	EndGlobalSection
	GlobalSection(ProjectConfigurationPlatforms) = postSolution
		{A38E186E-7215-3F6D-B150-F9BE52E17AF7}.Debug|x64.ActiveCfg = Debug|x64
		{A38E186E-7215-3F6D-B150-F9BE52E17AF7}.Debug|x64.Build.0 = Debug|x64
		{A38E186E-7215-3F6D-B150-F9BE52E17AF7}.Release|x64.ActiveCfg = Release|x64
		{A38E186E-7215-3F6D-B150-F9BE52E17AF7}.Release|x64.Build.0 = Release|x64
	EndGlobalSection
	GlobalSection(SolutionProperties) = preSolution
		HideSolutionNode = FALSE
	EndGlobalSection
	GlobalSection(ExtensibilityGlobals) = postSolution
		SolutionGuid = {80770B3A-293D-399B-8384-30E499D746B0}
	EndGlobalSection
EndGlobal
